
Microsoft Visual Studio Solution File, Format Version 12.00
# Visual Studio Version 16
VisualStudioVersion = 16.0.29905.134
MinimumVisualStudioVersion = 10.0.40219.1
Project("{FAE04EC0-301F-11D3-BF4B-00C04F79EFBC}") = "TrackerUAJ", "TrackerUAJ\TrackerUAJ.csproj", "{F51A0383-DEC7-4378-AB47-18D89E61A157}"
EndProject
Global
	GlobalSection(SolutionConfigurationPlatforms) = preSolution
		Debug|Any CPU = Debug|Any CPU
		Release|Any CPU = Release|Any CPU
	EndGlobalSection
	GlobalSection(ProjectConfigurationPlatforms) = postSolution
		{F51A0383-DEC7-4378-AB47-18D89E61A157}.Debug|Any CPU.ActiveCfg = Debug|Any CPU
		{F51A0383-DEC7-4378-AB47-18D89E61A157}.Debug|Any CPU.Build.0 = Debug|Any CPU
		{F51A0383-DEC7-4378-AB47-18D89E61A157}.Release|Any CPU.ActiveCfg = Release|Any CPU
		{F51A0383-DEC7-4378-AB47-18D89E61A157}.Release|Any CPU.Build.0 = Release|Any CPU
	EndGlobalSection
	GlobalSection(SolutionProperties) = preSolution
		HideSolutionNode = FALSE
	EndGlobalSection
	GlobalSection(ExtensibilityGlobals) = postSolution
		SolutionGuid = {4DA356F3-3108-4309-926A-B1424961C881}
	EndGlobalSection
EndGlobal
